
Microsoft Visual Studio Solution File, Format Version 12.00
# Visual Studio 15
VisualStudioVersion = 15.0.28010.2026
MinimumVisualStudioVersion = 10.0.40219.1
Project("{FAE04EC0-301F-11D3-BF4B-00C04F79EFBC}") = "Toolbelt.Blazor.HttpClientInterceptor", "Toolbelt.Blazor.HttpClientInterceptor\Toolbelt.Blazor.HttpClientInterceptor.csproj", "{382E625B-7D25-4515-BFEA-5F48384B4FF4}"
EndProject
Project("{9A19103F-16F7-4668-BE54-9A1E7A4F7556}") = "SampleSite", "SampleSite\SampleSite.csproj", "{E2DA8EDE-614E-4651-800F-B52E389C3B59}"
EndProject
Global
	GlobalSection(SolutionConfigurationPlatforms) = preSolution
		Debug|Any CPU = Debug|Any CPU
		Release|Any CPU = Release|Any CPU
	EndGlobalSection
	GlobalSection(ProjectConfigurationPlatforms) = postSolution
		{382E625B-7D25-4515-BFEA-5F48384B4FF4}.Debug|Any CPU.ActiveCfg = Debug|Any CPU
		{382E625B-7D25-4515-BFEA-5F48384B4FF4}.Debug|Any CPU.Build.0 = Debug|Any CPU
		{382E625B-7D25-4515-BFEA-5F48384B4FF4}.Release|Any CPU.ActiveCfg = Release|Any CPU
		{382E625B-7D25-4515-BFEA-5F48384B4FF4}.Release|Any CPU.Build.0 = Release|Any CPU
		{E2DA8EDE-614E-4651-800F-B52E389C3B59}.Debug|Any CPU.ActiveCfg = Debug|Any CPU
		{E2DA8EDE-614E-4651-800F-B52E389C3B59}.Debug|Any CPU.Build.0 = Debug|Any CPU
		{E2DA8EDE-614E-4651-800F-B52E389C3B59}.Release|Any CPU.ActiveCfg = Release|Any CPU
		{E2DA8EDE-614E-4651-800F-B52E389C3B59}.Release|Any CPU.Build.0 = Release|Any CPU
	EndGlobalSection
	GlobalSection(SolutionProperties) = preSolution
		HideSolutionNode = FALSE
	EndGlobalSection
	GlobalSection(ExtensibilityGlobals) = postSolution
		SolutionGuid = {FF6B69B3-E631-4409-ABD4-6FF1C409FFB6}
	EndGlobalSection
EndGlobal
