
Microsoft Visual Studio Solution File, Format Version 12.00
# Visual Studio Version 16
VisualStudioVersion = 16.0.29721.120
MinimumVisualStudioVersion = 10.0.40219.1
Project("{9A19103F-16F7-4668-BE54-9A1E7A4F7556}") = "Toolbelt.Blazor.HttpClientInterceptor", "Toolbelt.Blazor.HttpClientInterceptor\Toolbelt.Blazor.HttpClientInterceptor.csproj", "{382E625B-7D25-4515-BFEA-5F48384B4FF4}"
EndProject
Project("{2150E333-8FDC-42A3-9474-1A3956D46DE8}") = "README", "README", "{CF03D4A5-B3D2-4DFD-A7E5-62A7F23B8F78}"
	ProjectSection(SolutionItems) = preProject
		README.md = README.md
		RELEASE-NOTES.txt = RELEASE-NOTES.txt
	EndProjectSection
EndProject
Project("{2150E333-8FDC-42A3-9474-1A3956D46DE8}") = "SampleSites", "SampleSites", "{32F9D431-91F5-4CE7-925B-4A5B4288C983}"
EndProject
Project("{9A19103F-16F7-4668-BE54-9A1E7A4F7556}") = "SampleSite.Client", "SampleSite\Client\SampleSite.Client.csproj", "{519D3ED6-13B9-4BB2-BC10-BA58ACBF0864}"
EndProject
Project("{9A19103F-16F7-4668-BE54-9A1E7A4F7556}") = "SampleSite.Host", "SampleSite\Host\SampleSite.Host.csproj", "{E7E94DDB-483E-49D0-A151-9543C8E0C8A9}"
EndProject
Project("{2150E333-8FDC-42A3-9474-1A3956D46DE8}") = "Solution Items", "Solution Items", "{AD9920F0-33D1-46DC-B666-647B41BAD699}"
EndProject
Global
	GlobalSection(SolutionConfigurationPlatforms) = preSolution
		Debug|Any CPU = Debug|Any CPU
		Release|Any CPU = Release|Any CPU
	EndGlobalSection
	GlobalSection(ProjectConfigurationPlatforms) = postSolution
		{382E625B-7D25-4515-BFEA-5F48384B4FF4}.Debug|Any CPU.ActiveCfg = Debug|Any CPU
		{382E625B-7D25-4515-BFEA-5F48384B4FF4}.Debug|Any CPU.Build.0 = Debug|Any CPU
		{382E625B-7D25-4515-BFEA-5F48384B4FF4}.Release|Any CPU.ActiveCfg = Release|Any CPU
		{382E625B-7D25-4515-BFEA-5F48384B4FF4}.Release|Any CPU.Build.0 = Release|Any CPU
		{519D3ED6-13B9-4BB2-BC10-BA58ACBF0864}.Debug|Any CPU.ActiveCfg = Debug|Any CPU
		{519D3ED6-13B9-4BB2-BC10-BA58ACBF0864}.Debug|Any CPU.Build.0 = Debug|Any CPU
		{519D3ED6-13B9-4BB2-BC10-BA58ACBF0864}.Release|Any CPU.ActiveCfg = Release|Any CPU
		{519D3ED6-13B9-4BB2-BC10-BA58ACBF0864}.Release|Any CPU.Build.0 = Release|Any CPU
		{E7E94DDB-483E-49D0-A151-9543C8E0C8A9}.Debug|Any CPU.ActiveCfg = Debug|Any CPU
		{E7E94DDB-483E-49D0-A151-9543C8E0C8A9}.Debug|Any CPU.Build.0 = Debug|Any CPU
		{E7E94DDB-483E-49D0-A151-9543C8E0C8A9}.Release|Any CPU.ActiveCfg = Release|Any CPU
		{E7E94DDB-483E-49D0-A151-9543C8E0C8A9}.Release|Any CPU.Build.0 = Release|Any CPU
	EndGlobalSection
	GlobalSection(SolutionProperties) = preSolution
		HideSolutionNode = FALSE
	EndGlobalSection
	GlobalSection(NestedProjects) = preSolution
		{519D3ED6-13B9-4BB2-BC10-BA58ACBF0864} = {32F9D431-91F5-4CE7-925B-4A5B4288C983}
		{E7E94DDB-483E-49D0-A151-9543C8E0C8A9} = {32F9D431-91F5-4CE7-925B-4A5B4288C983}
	EndGlobalSection
	GlobalSection(ExtensibilityGlobals) = postSolution
		SolutionGuid = {FF6B69B3-E631-4409-ABD4-6FF1C409FFB6}
	EndGlobalSection
EndGlobal
